{
  "version": 4,
  "terraform_version": "0.13.5",
  "serial": 21,
  "lineage": "8674ac90-53b9-267c-052f-7c1d76b63706",
  "outputs": {},
  "resources": [
    {
      "mode": "managed",
      "type": "google_compute_firewall",
      "name": "webfirewall",
      "provider": "provider[\"registry.terraform.io/hashicorp/google\"]",
      "instances": [
        {
          "schema_version": 1,
          "attributes": {
            "allow": [
              {
                "ports": [
                  "22",
                  "80",
                  "9090"
                ],
                "protocol": "tcp"
              }
            ],
            "creation_timestamp": "2021-01-27T14:35:22.569-08:00",
            "deny": [],
            "description": "",
            "destination_ranges": [],
            "direction": "INGRESS",
            "disabled": false,
            "enable_logging": null,
            "id": "projects/littlecharlie-tech/global/firewalls/rule-default",
            "log_config": [],
            "name": "rule-default",
            "network": "https://www.googleapis.com/compute/v1/projects/littlecharlie-tech/global/networks/default",
            "priority": 1000,
            "project": "littlecharlie-tech",
            "self_link": "https://www.googleapis.com/compute/v1/projects/littlecharlie-tech/global/firewalls/rule-default",
            "source_ranges": [
              "0.0.0.0/0"
            ],
            "source_service_accounts": null,
            "source_tags": null,
            "target_service_accounts": null,
            "target_tags": null,
            "timeouts": null
          },
          "private": "eyJlMmJmYjczMC1lY2FhLTExZTYtOGY4OC0zNDM2M2JjN2M0YzAiOnsiY3JlYXRlIjoyNDAwMDAwMDAwMDAsImRlbGV0ZSI6MjQwMDAwMDAwMDAwLCJ1cGRhdGUiOjI0MDAwMDAwMDAwMH0sInNjaGVtYV92ZXJzaW9uIjoiMSJ9"
        }
      ]
    },
    {
      "mode": "managed",
      "type": "google_compute_instance_group_manager",
      "name": "teste-terraform",
      "provider": "provider[\"registry.terraform.io/hashicorp/google\"]",
      "instances": [
        {
          "schema_version": 0,
          "attributes": {
            "auto_healing_policies": [],
            "base_instance_name": "littlecharlie-lab",
            "description": "",
            "fingerprint": "p2isi4LQfNg=",
            "id": "projects/littlecharlie-tech/zones/us-central1-c/instanceGroupManagers/laboratorio",
            "instance_group": "https://www.googleapis.com/compute/v1/projects/littlecharlie-tech/zones/us-central1-c/instanceGroups/laboratorio",
            "name": "laboratorio",
            "named_port": [],
            "operation": null,
            "project": "littlecharlie-tech",
            "self_link": "https://www.googleapis.com/compute/v1/projects/littlecharlie-tech/zones/us-central1-c/instanceGroupManagers/laboratorio",
            "stateful_disk": [],
            "target_pools": null,
            "target_size": 1,
            "timeouts": null,
            "update_policy": [
              {
                "max_surge_fixed": 1,
                "max_surge_percent": 0,
                "max_unavailable_fixed": 1,
                "max_unavailable_percent": 0,
                "min_ready_sec": 0,
                "minimal_action": "REPLACE",
                "replacement_method": "SUBSTITUTE",
                "type": "OPPORTUNISTIC"
              }
            ],
            "version": [
              {
                "instance_template": "https://www.googleapis.com/compute/v1/projects/littlecharlie-tech/global/instanceTemplates/teste-terraform",
                "name": "",
                "target_size": []
              }
            ],
            "wait_for_instances": false,
            "zone": "us-central1-c"
          },
          "private": "eyJlMmJmYjczMC1lY2FhLTExZTYtOGY4OC0zNDM2M2JjN2M0YzAiOnsiY3JlYXRlIjozMDAwMDAwMDAwMDAsImRlbGV0ZSI6OTAwMDAwMDAwMDAwLCJ1cGRhdGUiOjMwMDAwMDAwMDAwMH19",
          "dependencies": [
            "google_compute_instance_template.default"
          ]
        }
      ]
    },
    {
      "mode": "managed",
      "type": "google_compute_instance_template",
      "name": "default",
      "provider": "provider[\"registry.terraform.io/hashicorp/google\"]",
      "instances": [
        {
          "schema_version": 1,
          "attributes": {
            "can_ip_forward": false,
            "confidential_instance_config": null,
            "description": "Template utilizado para POC do Terraform com o GCP",
            "disk": [
              {
                "auto_delete": true,
                "boot": true,
                "device_name": "persistent-disk-0",
                "disk_encryption_key": [],
                "disk_name": "",
                "disk_size_gb": 0,
                "disk_type": "pd-standard",
                "interface": "SCSI",
                "labels": null,
                "mode": "READ_WRITE",
                "source": "",
                "source_image": "projects/centos-cloud/global/images/centos-8-v20200714",
                "type": "PERSISTENT"
              }
            ],
            "enable_display": null,
            "guest_accelerator": [],
            "id": "projects/littlecharlie-tech/global/instanceTemplates/teste-terraform",
            "instance_description": "",
            "labels": {
              "environment": "lab"
            },
            "machine_type": "n1-standard-1",
            "metadata": {
              "sshKeys": "celima:ssh-rsa AAAAB3NzaC1yc2EAAAADAQABAAABgQC7hAYzfIBJklSp6XtQmvVKcb4wew5OpVAq7CjE9GUv7q2IQlQjNw5OhMYYXgKQ/wfCA92iuZSl9fVcFwlyLp2DWccr54v46pqErLS3JRoPYth03vmzmBSQyBGGmuKLGZhmtMb7PlZUQ6JJNtth5+/wCrlfaKw6u5Necx/wYlACpdivyw80SXIKc+57ndsd7SkNPRbP798s4dvdTznb18go+/w9jexAU4c+NYGszZPwvZhSfZhtlK/Ngrwnmt1HsTe1uyiKQuVDUcVx+36YUxnlYVzqNCENscJxCc1Q2JPC11Y74p4L/kbBfwoMPMVy7l92NM1eoadQpbcYUXfuW7W/VfFZsLncVzNJNn03+BY14momUoNDjokreM4Ct7nSW6mk/Oy6DsOnupbhRBVpPU9A8Y8oz0A1dNij7kQsgn7kdo5eEcOnHCyWoxc85PpdpqqP5Ur1QjbakBRVQ4BtWIbIaHJmqPRjjf6LEiC2Jy0KWuKON+jhUzzs0NZ2YnjFU40= celima@localhost.localdomain\n"
            },
            "metadata_fingerprint": "fK3QKx21v0E=",
            "metadata_startup_script": "#! /bin/bash\n# Installs apache and a custom homepage\nsudo yum update -y\nsudo yum install -y epel-release\nsudo yum install -y ansible httpd\ncat \u003c\u003cEOF \u003e /var/www/html/index.html\n\u003chtml\u003e\u003cbody\u003e\u003ch1\u003eHello World\u003c/h1\u003e\n\u003cp\u003eThis page was created from a simple start up script!\u003c/p\u003e\n\u003c/body\u003e\u003c/html\u003e\nEOF\nsudo systemctl restart httpd\n",
            "min_cpu_platform": "",
            "name": "teste-terraform",
            "name_prefix": null,
            "network_interface": [
              {
                "access_config": [
                  {
                    "nat_ip": "",
                    "network_tier": "PREMIUM",
                    "public_ptr_domain_name": ""
                  }
                ],
                "alias_ip_range": [],
                "name": "nic0",
                "network": "https://www.googleapis.com/compute/v1/projects/littlecharlie-tech/global/networks/default",
                "network_ip": "",
                "subnetwork": "",
                "subnetwork_project": ""
              }
            ],
            "project": "littlecharlie-tech",
            "region": null,
            "scheduling": [
              {
                "automatic_restart": true,
                "node_affinities": [],
                "on_host_maintenance": "MIGRATE",
                "preemptible": false
              }
            ],
            "self_link": "https://www.googleapis.com/compute/beta/projects/littlecharlie-tech/global/instanceTemplates/teste-terraform",
            "service_account": [],
            "shielded_instance_config": [],
            "tags": null,
            "tags_fingerprint": "",
            "timeouts": null
          },
          "private": "eyJlMmJmYjczMC1lY2FhLTExZTYtOGY4OC0zNDM2M2JjN2M0YzAiOnsiY3JlYXRlIjoyNDAwMDAwMDAwMDAsImRlbGV0ZSI6MjQwMDAwMDAwMDAwfSwic2NoZW1hX3ZlcnNpb24iOiIxIn0="
        }
      ]
    }
  ]
}
